
Microsoft Visual Studio Solution File, Format Version 12.00
# Visual Studio 15
VisualStudioVersion = 15.0.28307.329
MinimumVisualStudioVersion = 10.0.40219.1
Project("{FAE04EC0-301F-11D3-BF4B-00C04F79EFBC}") = "task1", "task1\task1.csproj", "{8CFCFC96-FEEF-4D77-85BB-9E3A691E6905}"
EndProject
Global
	GlobalSection(SolutionConfigurationPlatforms) = preSolution
		Debug|Any CPU = Debug|Any CPU
		Release|Any CPU = Release|Any CPU
	EndGlobalSection
	GlobalSection(ProjectConfigurationPlatforms) = postSolution
		{8CFCFC96-FEEF-4D77-85BB-9E3A691E6905}.Debug|Any CPU.ActiveCfg = Debug|Any CPU
		{8CFCFC96-FEEF-4D77-85BB-9E3A691E6905}.Debug|Any CPU.Build.0 = Debug|Any CPU
		{8CFCFC96-FEEF-4D77-85BB-9E3A691E6905}.Release|Any CPU.ActiveCfg = Release|Any CPU
		{8CFCFC96-FEEF-4D77-85BB-9E3A691E6905}.Release|Any CPU.Build.0 = Release|Any CPU
	EndGlobalSection
	GlobalSection(SolutionProperties) = preSolution
		HideSolutionNode = FALSE
	EndGlobalSection
	GlobalSection(ExtensibilityGlobals) = postSolution
		SolutionGuid = {EB2E5776-1F09-4DD5-B279-3A133E69066B}
	EndGlobalSection
EndGlobal
